// !$*UTF8*$!
{
	archiveVersion = 1;
	classes = {
	};
	objectVersion = 55;
	objects = {

/* Begin PBXBuildFile section */
		18271A0C2952ED22006D5C4A /* AppDelegate.swift in Sources */ = {isa = PBXBuildFile; fileRef = 18271A0B2952ED22006D5C4A /* AppDelegate.swift */; };
		18271A0E2952ED22006D5C4A /* SceneDelegate.swift in Sources */ = {isa = PBXBuildFile; fileRef = 18271A0D2952ED22006D5C4A /* SceneDelegate.swift */; };
		18271A102952ED22006D5C4A /* MainController.swift in Sources */ = {isa = PBXBuildFile; fileRef = 18271A0F2952ED22006D5C4A /* MainController.swift */; };
		18271A132952ED22006D5C4A /* Main.storyboard in Resources */ = {isa = PBXBuildFile; fileRef = 18271A112952ED22006D5C4A /* Main.storyboard */; };
		18271A152952ED23006D5C4A /* Assets.xcassets in Resources */ = {isa = PBXBuildFile; fileRef = 18271A142952ED23006D5C4A /* Assets.xcassets */; };
		18271A222952F127006D5C4A /* QuoteBrain.swift in Sources */ = {isa = PBXBuildFile; fileRef = 18271A212952F127006D5C4A /* QuoteBrain.swift */; };
		18B97B082A02F76E004CCECD /* LaunchViewController.swift in Sources */ = {isa = PBXBuildFile; fileRef = 18B97B072A02F76E004CCECD /* LaunchViewController.swift */; };
		18C8D718295486EC00D3ABEA /* QuoteController.swift in Sources */ = {isa = PBXBuildFile; fileRef = 18C8D717295486EC00D3ABEA /* QuoteController.swift */; };
/* End PBXBuildFile section */

/* Begin PBXFileReference section */
		18271A082952ED22006D5C4A /* love quote.app */ = {isa = PBXFileReference; explicitFileType = wrapper.application; includeInIndex = 0; path = "love quote.app"; sourceTree = BUILT_PRODUCTS_DIR; };
		18271A0B2952ED22006D5C4A /* AppDelegate.swift */ = {isa = PBXFileReference; lastKnownFileType = sourcecode.swift; path = AppDelegate.swift; sourceTree = "<group>"; };
		18271A0D2952ED22006D5C4A /* SceneDelegate.swift */ = {isa = PBXFileReference; lastKnownFileType = sourcecode.swift; path = SceneDelegate.swift; sourceTree = "<group>"; };
		18271A0F2952ED22006D5C4A /* MainController.swift */ = {isa = PBXFileReference; lastKnownFileType = sourcecode.swift; path = MainController.swift; sourceTree = "<group>"; };
		18271A122952ED22006D5C4A /* Base */ = {isa = PBXFileReference; lastKnownFileType = file.storyboard; name = Base; path = Base.lproj/Main.storyboard; sourceTree = "<group>"; };
		18271A142952ED23006D5C4A /* Assets.xcassets */ = {isa = PBXFileReference; lastKnownFileType = folder.assetcatalog; path = Assets.xcassets; sourceTree = "<group>"; };
		18271A192952ED23006D5C4A /* Info.plist */ = {isa = PBXFileReference; lastKnownFileType = text.plist.xml; path = Info.plist; sourceTree = "<group>"; };
		18271A212952F127006D5C4A /* QuoteBrain.swift */ = {isa = PBXFileReference; lastKnownFileType = sourcecode.swift; path = QuoteBrain.swift; sourceTree = "<group>"; };
		18B97B072A02F76E004CCECD /* LaunchViewController.swift */ = {isa = PBXFileReference; lastKnownFileType = sourcecode.swift; path = LaunchViewController.swift; sourceTree = "<group>"; };
		18C8D717295486EC00D3ABEA /* QuoteController.swift */ = {isa = PBXFileReference; lastKnownFileType = sourcecode.swift; path = QuoteController.swift; sourceTree = "<group>"; };
/* End PBXFileReference section */

/* Begin PBXFrameworksBuildPhase section */
		18271A052952ED22006D5C4A /* Frameworks */ = {
			isa = PBXFrameworksBuildPhase;
			buildActionMask = 2147483647;
			files = (
			);
			runOnlyForDeploymentPostprocessing = 0;
		};
/* End PBXFrameworksBuildPhase section */

/* Begin PBXGroup section */
		182719FF2952ED22006D5C4A = {
			isa = PBXGroup;
			children = (
				18271A0A2952ED22006D5C4A /* love quote */,
				18271A092952ED22006D5C4A /* Products */,
			);
			sourceTree = "<group>";
		};
		18271A092952ED22006D5C4A /* Products */ = {
			isa = PBXGroup;
			children = (
				18271A082952ED22006D5C4A /* love quote.app */,
			);
			name = Products;
			sourceTree = "<group>";
		};
		18271A0A2952ED22006D5C4A /* love quote */ = {
			isa = PBXGroup;
			children = (
				18271A232952F12E006D5C4A /* Model */,
				18271A1F2952F0E5006D5C4A /* View */,
				18271A202952F0F1006D5C4A /* Controller */,
				18271A142952ED23006D5C4A /* Assets.xcassets */,
				18271A192952ED23006D5C4A /* Info.plist */,
			);
			path = "love quote";
			sourceTree = "<group>";
		};
		18271A1F2952F0E5006D5C4A /* View */ = {
			isa = PBXGroup;
			children = (
				18271A112952ED22006D5C4A /* Main.storyboard */,
				18B97B072A02F76E004CCECD /* LaunchViewController.swift */,
			);
			path = View;
			sourceTree = "<group>";
		};
		18271A202952F0F1006D5C4A /* Controller */ = {
			isa = PBXGroup;
			children = (
				18271A0F2952ED22006D5C4A /* MainController.swift */,
				18271A0D2952ED22006D5C4A /* SceneDelegate.swift */,
				18271A0B2952ED22006D5C4A /* AppDelegate.swift */,
				18C8D717295486EC00D3ABEA /* QuoteController.swift */,
			);
			path = Controller;
			sourceTree = "<group>";
		};
		18271A232952F12E006D5C4A /* Model */ = {
			isa = PBXGroup;
			children = (
				18271A212952F127006D5C4A /* QuoteBrain.swift */,
			);
			path = Model;
			sourceTree = "<group>";
		};
/* End PBXGroup section */

/* Begin PBXNativeTarget section */
		18271A072952ED22006D5C4A /* love quote */ = {
			isa = PBXNativeTarget;
			buildConfigurationList = 18271A1C2952ED23006D5C4A /* Build configuration list for PBXNativeTarget "love quote" */;
			buildPhases = (
				18271A042952ED22006D5C4A /* Sources */,
				18271A052952ED22006D5C4A /* Frameworks */,
				18271A062952ED22006D5C4A /* Resources */,
			);
			buildRules = (
			);
			dependencies = (
			);
			name = "love quote";
			productName = "love quote";
			productReference = 18271A082952ED22006D5C4A /* love quote.app */;
			productType = "com.apple.product-type.application";
		};
/* End PBXNativeTarget section */

/* Begin PBXProject section */
		18271A002952ED22006D5C4A /* Project object */ = {
			isa = PBXProject;
			attributes = {
				BuildIndependentTargetsInParallel = 1;
				LastSwiftUpdateCheck = 1340;
				LastUpgradeCheck = 1340;
				TargetAttributes = {
					18271A072952ED22006D5C4A = {
						CreatedOnToolsVersion = 13.4.1;
					};
				};
			};
			buildConfigurationList = 18271A032952ED22006D5C4A /* Build configuration list for PBXProject "love quote" */;
			compatibilityVersion = "Xcode 13.0";
			developmentRegion = en;
			hasScannedForEncodings = 0;
			knownRegions = (
				en,
				Base,
			);
			mainGroup = 182719FF2952ED22006D5C4A;
			productRefGroup = 18271A092952ED22006D5C4A /* Products */;
			projectDirPath = "";
			projectRoot = "";
			targets = (
				18271A072952ED22006D5C4A /* love quote */,
			);
		};
/* End PBXProject section */

/* Begin PBXResourcesBuildPhase section */
		18271A062952ED22006D5C4A /* Resources */ = {
			isa = PBXResourcesBuildPhase;
			buildActionMask = 2147483647;
			files = (
				18271A152952ED23006D5C4A /* Assets.xcassets in Resources */,
				18271A132952ED22006D5C4A /* Main.storyboard in Resources */,
			);
			runOnlyForDeploymentPostprocessing = 0;
		};
/* End PBXResourcesBuildPhase section */

/* Begin PBXSourcesBuildPhase section */
		18271A042952ED22006D5C4A /* Sources */ = {
			isa = PBXSourcesBuildPhase;
			buildActionMask = 2147483647;
			files = (
				18C8D718295486EC00D3ABEA /* QuoteController.swift in Sources */,
				18B97B082A02F76E004CCECD /* LaunchViewController.swift in Sources */,
				18271A102952ED22006D5C4A /* MainController.swift in Sources */,
				18271A222952F127006D5C4A /* QuoteBrain.swift in Sources */,
				18271A0C2952ED22006D5C4A /* AppDelegate.swift in Sources */,
				18271A0E2952ED22006D5C4A /* SceneDelegate.swift in Sources */,
			);
			runOnlyForDeploymentPostprocessing = 0;
		};
/* End PBXSourcesBuildPhase section */

/* Begin PBXVariantGroup section */
		18271A112952ED22006D5C4A /* Main.storyboard */ = {
			isa = PBXVariantGroup;
			children = (
				18271A122952ED22006D5C4A /* Base */,
			);
			name = Main.storyboard;
			sourceTree = "<group>";
		};
/* End PBXVariantGroup section */

/* Begin XCBuildConfiguration section */
		18271A1A2952ED23006D5C4A /* Debug */ = {
			isa = XCBuildConfiguration;
			buildSettings = {
				ALWAYS_SEARCH_USER_PATHS = NO;
				CLANG_ANALYZER_NONNULL = YES;
				CLANG_ANALYZER_NUMBER_OBJECT_CONVERSION = YES_AGGRESSIVE;
				CLANG_CXX_LANGUAGE_STANDARD = "gnu++17";
				CLANG_ENABLE_MODULES = YES;
				CLANG_ENABLE_OBJC_ARC = YES;
				CLANG_ENABLE_OBJC_WEAK = YES;
				CLANG_WARN_BLOCK_CAPTURE_AUTORELEASING = YES;
				CLANG_WARN_BOOL_CONVERSION = YES;
				CLANG_WARN_COMMA = YES;
				CLANG_WARN_CONSTANT_CONVERSION = YES;
				CLANG_WARN_DEPRECATED_OBJC_IMPLEMENTATIONS = YES;
				CLANG_WARN_DIRECT_OBJC_ISA_USAGE = YES_ERROR;
				CLANG_WARN_DOCUMENTATION_COMMENTS = YES;
				CLANG_WARN_EMPTY_BODY = YES;
				CLANG_WARN_ENUM_CONVERSION = YES;
				CLANG_WARN_INFINITE_RECURSION = YES;
				CLANG_WARN_INT_CONVERSION = YES;
				CLANG_WARN_NON_LITERAL_NULL_CONVERSION = YES;
				CLANG_WARN_OBJC_IMPLICIT_RETAIN_SELF = YES;
				CLANG_WARN_OBJC_LITERAL_CONVERSION = YES;
				CLANG_WARN_OBJC_ROOT_CLASS = YES_ERROR;
				CLANG_WARN_QUOTED_INCLUDE_IN_FRAMEWORK_HEADER = YES;
				CLANG_WARN_RANGE_LOOP_ANALYSIS = YES;
				CLANG_WARN_STRICT_PROTOTYPES = YES;
				CLANG_WARN_SUSPICIOUS_MOVE = YES;
				CLANG_WARN_UNGUARDED_AVAILABILITY = YES_AGGRESSIVE;
				CLANG_WARN_UNREACHABLE_CODE = YES;
				CLANG_WARN__DUPLICATE_METHOD_MATCH = YES;
				COPY_PHASE_STRIP = NO;
				DEBUG_INFORMATION_FORMAT = dwarf;
				ENABLE_STRICT_OBJC_MSGSEND = YES;
				ENABLE_TESTABILITY = YES;
				GCC_C_LANGUAGE_STANDARD = gnu11;
				GCC_DYNAMIC_NO_PIC = NO;
				GCC_NO_COMMON_BLOCKS = YES;
				GCC_OPTIMIZATION_LEVEL = 0;
				GCC_PREPROCESSOR_DEFINITIONS = (
					"DEBUG=1",
					"$(inherited)",
				);
				GCC_WARN_64_TO_32_BIT_CONVERSION = YES;
				GCC_WARN_ABOUT_RETURN_TYPE = YES_ERROR;
				GCC_WARN_UNDECLARED_SELECTOR = YES;
				GCC_WARN_UNINITIALIZED_AUTOS = YES_AGGRESSIVE;
				GCC_WARN_UNUSED_FUNCTION = YES;
				GCC_WARN_UNUSED_VARIABLE = YES;
				IPHONEOS_DEPLOYMENT_TARGET = 15.5;
				MTL_ENABLE_DEBUG_INFO = INCLUDE_SOURCE;
				MTL_FAST_MATH = YES;
				ONLY_ACTIVE_ARCH = YES;
				SDKROOT = iphoneos;
				SWIFT_ACTIVE_COMPILATION_CONDITIONS = DEBUG;
				SWIFT_OPTIMIZATION_LEVEL = "-Onone";
			};
			name = Debug;
		};
		18271A1B2952ED23006D5C4A /* Release */ = {
			isa = XCBuildConfiguration;
			buildSettings = {
				ALWAYS_SEARCH_USER_PATHS = NO;
				CLANG_ANALYZER_NONNULL = YES;
				CLANG_ANALYZER_NUMBER_OBJECT_CONVERSION = YES_AGGRESSIVE;
				CLANG_CXX_LANGUAGE_STANDARD = "gnu++17";
				CLANG_ENABLE_MODULES = YES;
				CLANG_ENABLE_OBJC_ARC = YES;
				CLANG_ENABLE_OBJC_WEAK = YES;
				CLANG_WARN_BLOCK_CAPTURE_AUTORELEASING = YES;
				CLANG_WARN_BOOL_CONVERSION = YES;
				CLANG_WARN_COMMA = YES;
				CLANG_WARN_CONSTANT_CONVERSION = YES;
				CLANG_WARN_DEPRECATED_OBJC_IMPLEMENTATIONS = YES;
				CLANG_WARN_DIRECT_OBJC_ISA_USAGE = YES_ERROR;
				CLANG_WARN_DOCUMENTATION_COMMENTS = YES;
				CLANG_WARN_EMPTY_BODY = YES;
				CLANG_WARN_ENUM_CONVERSION = YES;
				CLANG_WARN_INFINITE_RECURSION = YES;
				CLANG_WARN_INT_CONVERSION = YES;
				CLANG_WARN_NON_LITERAL_NULL_CONVERSION = YES;
				CLANG_WARN_OBJC_IMPLICIT_RETAIN_SELF = YES;
				CLANG_WARN_OBJC_LITERAL_CONVERSION = YES;
				CLANG_WARN_OBJC_ROOT_CLASS = YES_ERROR;
				CLANG_WARN_QUOTED_INCLUDE_IN_FRAMEWORK_HEADER = YES;
				CLANG_WARN_RANGE_LOOP_ANALYSIS = YES;
				CLANG_WARN_STRICT_PROTOTYPES = YES;
				CLANG_WARN_SUSPICIOUS_MOVE = YES;
				CLANG_WARN_UNGUARDED_AVAILABILITY = YES_AGGRESSIVE;
				CLANG_WARN_UNREACHABLE_CODE = YES;
				CLANG_WARN__DUPLICATE_METHOD_MATCH = YES;
				COPY_PHASE_STRIP = NO;
				DEBUG_INFORMATION_FORMAT = "dwarf-with-dsym";
				ENABLE_NS_ASSERTIONS = NO;
				ENABLE_STRICT_OBJC_MSGSEND = YES;
				GCC_C_LANGUAGE_STANDARD = gnu11;
				GCC_NO_COMMON_BLOCKS = YES;
				GCC_WARN_64_TO_32_BIT_CONVERSION = YES;
				GCC_WARN_ABOUT_RETURN_TYPE = YES_ERROR;
				GCC_WARN_UNDECLARED_SELECTOR = YES;
				GCC_WARN_UNINITIALIZED_AUTOS = YES_AGGRESSIVE;
				GCC_WARN_UNUSED_FUNCTION = YES;
				GCC_WARN_UNUSED_VARIABLE = YES;
				IPHONEOS_DEPLOYMENT_TARGET = 15.5;
				MTL_ENABLE_DEBUG_INFO = NO;
				MTL_FAST_MATH = YES;
				SDKROOT = iphoneos;
				SWIFT_COMPILATION_MODE = wholemodule;
				SWIFT_OPTIMIZATION_LEVEL = "-O";
				VALIDATE_PRODUCT = YES;
			};
			name = Release;
		};
		18271A1D2952ED23006D5C4A /* Debug */ = {
			isa = XCBuildConfiguration;
			buildSettings = {
				ASSETCATALOG_COMPILER_APPICON_NAME = AppIcon;
				ASSETCATALOG_COMPILER_GLOBAL_ACCENT_COLOR_NAME = AccentColor;
				CODE_SIGN_STYLE = Automatic;
				CURRENT_PROJECT_VERSION = 1;
				GENERATE_INFOPLIST_FILE = YES;
				INFOPLIST_FILE = "love quote/Info.plist";
				INFOPLIST_KEY_UIApplicationSupportsIndirectInputEvents = YES;
				INFOPLIST_KEY_UILaunchStoryboardName = LaunchScreen;
				INFOPLIST_KEY_UIMainStoryboardFile = Main;
				INFOPLIST_KEY_UISupportedInterfaceOrientations_iPad = "UIInterfaceOrientationPortrait UIInterfaceOrientationPortraitUpsideDown UIInterfaceOrientationLandscapeLeft UIInterfaceOrientationLandscapeRight";
				INFOPLIST_KEY_UISupportedInterfaceOrientations_iPhone = "UIInterfaceOrientationPortrait UIInterfaceOrientationLandscapeLeft UIInterfaceOrientationLandscapeRight";
				LD_RUNPATH_SEARCH_PATHS = (
					"$(inherited)",
					"@executable_path/Frameworks",
				);
				MARKETING_VERSION = 1.0;
				PRODUCT_BUNDLE_IDENTIFIER = "com.amgadsalah.love-quote";
				PRODUCT_NAME = "$(TARGET_NAME)";
				SWIFT_EMIT_LOC_STRINGS = YES;
				SWIFT_VERSION = 5.0;
				TARGETED_DEVICE_FAMILY = "1,2";
			};
			name = Debug;
		};
		18271A1E2952ED23006D5C4A /* Release */ = {
			isa = XCBuildConfiguration;
			buildSettings = {
				ASSETCATALOG_COMPILER_APPICON_NAME = AppIcon;
				ASSETCATALOG_COMPILER_GLOBAL_ACCENT_COLOR_NAME = AccentColor;
				CODE_SIGN_STYLE = Automatic;
				CURRENT_PROJECT_VERSION = 1;
				GENERATE_INFOPLIST_FILE = YES;
				INFOPLIST_FILE = "love quote/Info.plist";
				INFOPLIST_KEY_UIApplicationSupportsIndirectInputEvents = YES;
				INFOPLIST_KEY_UILaunchStoryboardName = LaunchScreen;
				INFOPLIST_KEY_UIMainStoryboardFile = Main;
				INFOPLIST_KEY_UISupportedInterfaceOrientations_iPad = "UIInterfaceOrientationPortrait UIInterfaceOrientationPortraitUpsideDown UIInterfaceOrientationLandscapeLeft UIInterfaceOrientationLandscapeRight";
				INFOPLIST_KEY_UISupportedInterfaceOrientations_iPhone = "UIInterfaceOrientationPortrait UIInterfaceOrientationLandscapeLeft UIInterfaceOrientationLandscapeRight";
				LD_RUNPATH_SEARCH_PATHS = (
					"$(inherited)",
					"@executable_path/Frameworks",
				);
				MARKETING_VERSION = 1.0;
				PRODUCT_BUNDLE_IDENTIFIER = "com.amgadsalah.love-quote";
				PRODUCT_NAME = "$(TARGET_NAME)";
				SWIFT_EMIT_LOC_STRINGS = YES;
				SWIFT_VERSION = 5.0;
				TARGETED_DEVICE_FAMILY = "1,2";
			};
			name = Release;
		};
/* End XCBuildConfiguration section */

/* Begin XCConfigurationList section */
		18271A032952ED22006D5C4A /* Build configuration list for PBXProject "love quote" */ = {
			isa = XCConfigurationList;
			buildConfigurations = (
				18271A1A2952ED23006D5C4A /* Debug */,
				18271A1B2952ED23006D5C4A /* Release */,
			);
			defaultConfigurationIsVisible = 0;
			defaultConfigurationName = Release;
		};
		18271A1C2952ED23006D5C4A /* Build configuration list for PBXNativeTarget "love quote" */ = {
			isa = XCConfigurationList;
			buildConfigurations = (
				18271A1D2952ED23006D5C4A /* Debug */,
				18271A1E2952ED23006D5C4A /* Release */,
			);
			defaultConfigurationIsVisible = 0;
			defaultConfigurationName = Release;
		};
/* End XCConfigurationList section */
	};
	rootObject = 18271A002952ED22006D5C4A /* Project object */;
}
